
Microsoft Visual Studio Solution File, Format Version 12.00
# Visual Studio Version 17
VisualStudioVersion = 17.1.32319.34
MinimumVisualStudioVersion = 10.0.40219.1
Project("{9A19103F-16F7-4668-BE54-9A1E7A4F7556}") = "Books", "Books\Books.csproj", "{2E312B2C-7EE6-400A-8210-06FFA4D19301}"
EndProject
Project("{9A19103F-16F7-4668-BE54-9A1E7A4F7556}") = "Books.DataAcess", "Books.DataAcess\Books.DataAcess.csproj", "{39E55D00-0470-4759-B2FC-A0E353A6BD30}"
EndProject
Project("{9A19103F-16F7-4668-BE54-9A1E7A4F7556}") = "Books.Model", "Books.Model\Books.Model.csproj", "{1AADFF64-C8EE-49B4-ACA4-A7E1194D9FBB}"
EndProject
Project("{9A19103F-16F7-4668-BE54-9A1E7A4F7556}") = "Model.Utility", "Model.Utility\Model.Utility.csproj", "{272E8571-4A73-45DF-9995-D993A3DB5F4F}"
EndProject
Global
	GlobalSection(SolutionConfigurationPlatforms) = preSolution
		Debug|Any CPU = Debug|Any CPU
		Release|Any CPU = Release|Any CPU
	EndGlobalSection
	GlobalSection(ProjectConfigurationPlatforms) = postSolution
		{2E312B2C-7EE6-400A-8210-06FFA4D19301}.Debug|Any CPU.ActiveCfg = Debug|Any CPU
		{2E312B2C-7EE6-400A-8210-06FFA4D19301}.Debug|Any CPU.Build.0 = Debug|Any CPU
		{2E312B2C-7EE6-400A-8210-06FFA4D19301}.Release|Any CPU.ActiveCfg = Release|Any CPU
		{2E312B2C-7EE6-400A-8210-06FFA4D19301}.Release|Any CPU.Build.0 = Release|Any CPU
		{39E55D00-0470-4759-B2FC-A0E353A6BD30}.Debug|Any CPU.ActiveCfg = Debug|Any CPU
		{39E55D00-0470-4759-B2FC-A0E353A6BD30}.Debug|Any CPU.Build.0 = Debug|Any CPU
		{39E55D00-0470-4759-B2FC-A0E353A6BD30}.Release|Any CPU.ActiveCfg = Release|Any CPU
		{39E55D00-0470-4759-B2FC-A0E353A6BD30}.Release|Any CPU.Build.0 = Release|Any CPU
		{1AADFF64-C8EE-49B4-ACA4-A7E1194D9FBB}.Debug|Any CPU.ActiveCfg = Debug|Any CPU
		{1AADFF64-C8EE-49B4-ACA4-A7E1194D9FBB}.Debug|Any CPU.Build.0 = Debug|Any CPU
		{1AADFF64-C8EE-49B4-ACA4-A7E1194D9FBB}.Release|Any CPU.ActiveCfg = Release|Any CPU
		{1AADFF64-C8EE-49B4-ACA4-A7E1194D9FBB}.Release|Any CPU.Build.0 = Release|Any CPU
		{272E8571-4A73-45DF-9995-D993A3DB5F4F}.Debug|Any CPU.ActiveCfg = Debug|Any CPU
		{272E8571-4A73-45DF-9995-D993A3DB5F4F}.Debug|Any CPU.Build.0 = Debug|Any CPU
		{272E8571-4A73-45DF-9995-D993A3DB5F4F}.Release|Any CPU.ActiveCfg = Release|Any CPU
		{272E8571-4A73-45DF-9995-D993A3DB5F4F}.Release|Any CPU.Build.0 = Release|Any CPU
	EndGlobalSection
	GlobalSection(SolutionProperties) = preSolution
		HideSolutionNode = FALSE
	EndGlobalSection
	GlobalSection(ExtensibilityGlobals) = postSolution
		SolutionGuid = {F62CE0B3-E9DF-4B2D-9293-01697D2F4888}
	EndGlobalSection
EndGlobal
